// !$*UTF8*$!
{
	archiveVersion = 1;
	classes = {
	};
	objectVersion = 56;
	objects = {

/* Begin PBXBuildFile section */
		7678DF61291E4F3D00D10CC6 /* UITextFieldRepresentable.swift in Sources */ = {isa = PBXBuildFile; fileRef = 7678DF60291E4F3D00D10CC6 /* UITextFieldRepresentable.swift */; };
		7678DF64291E511000D10CC6 /* EmailTextField.swift in Sources */ = {isa = PBXBuildFile; fileRef = 7678DF63291E511000D10CC6 /* EmailTextField.swift */; };
		7678DF67291E522300D10CC6 /* UIApplication+.swift in Sources */ = {isa = PBXBuildFile; fileRef = 7678DF66291E522300D10CC6 /* UIApplication+.swift */; };
		7678DF69291E5AC900D10CC6 /* PasswordTextField.swift in Sources */ = {isa = PBXBuildFile; fileRef = 7678DF68291E5AC900D10CC6 /* PasswordTextField.swift */; };
		768CC614291BFC4E00C98183 /* HomeView.swift in Sources */ = {isa = PBXBuildFile; fileRef = 768CC613291BFC4E00C98183 /* HomeView.swift */; };
		768CC616291BFC5500C98183 /* HomeViewModel.swift in Sources */ = {isa = PBXBuildFile; fileRef = 768CC615291BFC5500C98183 /* HomeViewModel.swift */; };
		768CC61C291C6FCE00C98183 /* BSLogger in Frameworks */ = {isa = PBXBuildFile; productRef = 768CC61B291C6FCE00C98183 /* BSLogger */; };
		76C8A0A1291BFBA2005AC48A /* demoApp.swift in Sources */ = {isa = PBXBuildFile; fileRef = 76C8A0A0291BFBA2005AC48A /* demoApp.swift */; };
		76C8A0A3291BFBA2005AC48A /* ContentView.swift in Sources */ = {isa = PBXBuildFile; fileRef = 76C8A0A2291BFBA2005AC48A /* ContentView.swift */; };
		76C8A0A5291BFBA6005AC48A /* Assets.xcassets in Resources */ = {isa = PBXBuildFile; fileRef = 76C8A0A4291BFBA6005AC48A /* Assets.xcassets */; };
		76C8A0A8291BFBA6005AC48A /* Preview Assets.xcassets in Resources */ = {isa = PBXBuildFile; fileRef = 76C8A0A7291BFBA6005AC48A /* Preview Assets.xcassets */; };
/* End PBXBuildFile section */

/* Begin PBXFileReference section */
		7678DF60291E4F3D00D10CC6 /* UITextFieldRepresentable.swift */ = {isa = PBXFileReference; lastKnownFileType = sourcecode.swift; path = UITextFieldRepresentable.swift; sourceTree = "<group>"; };
		7678DF63291E511000D10CC6 /* EmailTextField.swift */ = {isa = PBXFileReference; lastKnownFileType = sourcecode.swift; path = EmailTextField.swift; sourceTree = "<group>"; };
		7678DF66291E522300D10CC6 /* UIApplication+.swift */ = {isa = PBXFileReference; lastKnownFileType = sourcecode.swift; path = "UIApplication+.swift"; sourceTree = "<group>"; };
		7678DF68291E5AC900D10CC6 /* PasswordTextField.swift */ = {isa = PBXFileReference; lastKnownFileType = sourcecode.swift; path = PasswordTextField.swift; sourceTree = "<group>"; };
		768CC613291BFC4E00C98183 /* HomeView.swift */ = {isa = PBXFileReference; lastKnownFileType = sourcecode.swift; path = HomeView.swift; sourceTree = "<group>"; };
		768CC615291BFC5500C98183 /* HomeViewModel.swift */ = {isa = PBXFileReference; lastKnownFileType = sourcecode.swift; path = HomeViewModel.swift; sourceTree = "<group>"; };
		76C8A09D291BFBA2005AC48A /* demo.app */ = {isa = PBXFileReference; explicitFileType = wrapper.application; includeInIndex = 0; path = demo.app; sourceTree = BUILT_PRODUCTS_DIR; };
		76C8A0A0291BFBA2005AC48A /* demoApp.swift */ = {isa = PBXFileReference; lastKnownFileType = sourcecode.swift; path = demoApp.swift; sourceTree = "<group>"; };
		76C8A0A2291BFBA2005AC48A /* ContentView.swift */ = {isa = PBXFileReference; lastKnownFileType = sourcecode.swift; path = ContentView.swift; sourceTree = "<group>"; };
		76C8A0A4291BFBA6005AC48A /* Assets.xcassets */ = {isa = PBXFileReference; lastKnownFileType = folder.assetcatalog; path = Assets.xcassets; sourceTree = "<group>"; };
		76C8A0A7291BFBA6005AC48A /* Preview Assets.xcassets */ = {isa = PBXFileReference; lastKnownFileType = folder.assetcatalog; path = "Preview Assets.xcassets"; sourceTree = "<group>"; };
/* End PBXFileReference section */

/* Begin PBXFrameworksBuildPhase section */
		76C8A09A291BFBA2005AC48A /* Frameworks */ = {
			isa = PBXFrameworksBuildPhase;
			buildActionMask = 2147483647;
			files = (
				768CC61C291C6FCE00C98183 /* BSLogger in Frameworks */,
			);
			runOnlyForDeploymentPostprocessing = 0;
		};
/* End PBXFrameworksBuildPhase section */

/* Begin PBXGroup section */
		7678DF62291E50F600D10CC6 /* TextField */ = {
			isa = PBXGroup;
			children = (
				7678DF60291E4F3D00D10CC6 /* UITextFieldRepresentable.swift */,
				7678DF63291E511000D10CC6 /* EmailTextField.swift */,
				7678DF68291E5AC900D10CC6 /* PasswordTextField.swift */,
			);
			path = TextField;
			sourceTree = "<group>";
		};
		7678DF65291E521300D10CC6 /* Extensions */ = {
			isa = PBXGroup;
			children = (
				7678DF66291E522300D10CC6 /* UIApplication+.swift */,
			);
			path = Extensions;
			sourceTree = "<group>";
		};
		768CC617291BFC9E00C98183 /* Components */ = {
			isa = PBXGroup;
			children = (
				7678DF62291E50F600D10CC6 /* TextField */,
			);
			path = Components;
			sourceTree = "<group>";
		};
		76C8A094291BFBA2005AC48A = {
			isa = PBXGroup;
			children = (
				76C8A09F291BFBA2005AC48A /* demo */,
				76C8A09E291BFBA2005AC48A /* Products */,
			);
			sourceTree = "<group>";
		};
		76C8A09E291BFBA2005AC48A /* Products */ = {
			isa = PBXGroup;
			children = (
				76C8A09D291BFBA2005AC48A /* demo.app */,
			);
			name = Products;
			sourceTree = "<group>";
		};
		76C8A09F291BFBA2005AC48A /* demo */ = {
			isa = PBXGroup;
			children = (
				7678DF65291E521300D10CC6 /* Extensions */,
				768CC617291BFC9E00C98183 /* Components */,
				76C8A0AF291BFBBD005AC48A /* Screens */,
				76C8A0AE291BFBB2005AC48A /* Resources */,
				76C8A0A6291BFBA6005AC48A /* Preview Content */,
			);
			path = demo;
			sourceTree = "<group>";
		};
		76C8A0A6291BFBA6005AC48A /* Preview Content */ = {
			isa = PBXGroup;
			children = (
				76C8A0A7291BFBA6005AC48A /* Preview Assets.xcassets */,
			);
			path = "Preview Content";
			sourceTree = "<group>";
		};
		76C8A0AE291BFBB2005AC48A /* Resources */ = {
			isa = PBXGroup;
			children = (
				76C8A0A0291BFBA2005AC48A /* demoApp.swift */,
				76C8A0A2291BFBA2005AC48A /* ContentView.swift */,
				76C8A0A4291BFBA6005AC48A /* Assets.xcassets */,
			);
			path = Resources;
			sourceTree = "<group>";
		};
		76C8A0AF291BFBBD005AC48A /* Screens */ = {
			isa = PBXGroup;
			children = (
				76C8A0B0291BFBC7005AC48A /* Home */,
			);
			path = Screens;
			sourceTree = "<group>";
		};
		76C8A0B0291BFBC7005AC48A /* Home */ = {
			isa = PBXGroup;
			children = (
				768CC613291BFC4E00C98183 /* HomeView.swift */,
				768CC615291BFC5500C98183 /* HomeViewModel.swift */,
			);
			path = Home;
			sourceTree = "<group>";
		};
/* End PBXGroup section */

/* Begin PBXNativeTarget section */
		76C8A09C291BFBA2005AC48A /* demo */ = {
			isa = PBXNativeTarget;
			buildConfigurationList = 76C8A0AB291BFBA6005AC48A /* Build configuration list for PBXNativeTarget "demo" */;
			buildPhases = (
				76C8A099291BFBA2005AC48A /* Sources */,
				76C8A09A291BFBA2005AC48A /* Frameworks */,
				76C8A09B291BFBA2005AC48A /* Resources */,
			);
			buildRules = (
			);
			dependencies = (
			);
			name = demo;
			packageProductDependencies = (
				768CC61B291C6FCE00C98183 /* BSLogger */,
			);
			productName = demo;
			productReference = 76C8A09D291BFBA2005AC48A /* demo.app */;
			productType = "com.apple.product-type.application";
		};
/* End PBXNativeTarget section */

/* Begin PBXProject section */
		76C8A095291BFBA2005AC48A /* Project object */ = {
			isa = PBXProject;
			attributes = {
				BuildIndependentTargetsInParallel = 1;
				LastSwiftUpdateCheck = 1410;
				LastUpgradeCheck = 1410;
				TargetAttributes = {
					76C8A09C291BFBA2005AC48A = {
						CreatedOnToolsVersion = 14.1;
					};
				};
			};
			buildConfigurationList = 76C8A098291BFBA2005AC48A /* Build configuration list for PBXProject "demo" */;
			compatibilityVersion = "Xcode 14.0";
			developmentRegion = en;
			hasScannedForEncodings = 0;
			knownRegions = (
				en,
				Base,
			);
			mainGroup = 76C8A094291BFBA2005AC48A;
			packageReferences = (
				768CC61A291C6FCE00C98183 /* XCRemoteSwiftPackageReference "bs_logger" */,
			);
			productRefGroup = 76C8A09E291BFBA2005AC48A /* Products */;
			projectDirPath = "";
			projectRoot = "";
			targets = (
				76C8A09C291BFBA2005AC48A /* demo */,
			);
		};
/* End PBXProject section */

/* Begin PBXResourcesBuildPhase section */
		76C8A09B291BFBA2005AC48A /* Resources */ = {
			isa = PBXResourcesBuildPhase;
			buildActionMask = 2147483647;
			files = (
				76C8A0A8291BFBA6005AC48A /* Preview Assets.xcassets in Resources */,
				76C8A0A5291BFBA6005AC48A /* Assets.xcassets in Resources */,
			);
			runOnlyForDeploymentPostprocessing = 0;
		};
/* End PBXResourcesBuildPhase section */

/* Begin PBXSourcesBuildPhase section */
		76C8A099291BFBA2005AC48A /* Sources */ = {
			isa = PBXSourcesBuildPhase;
			buildActionMask = 2147483647;
			files = (
				7678DF64291E511000D10CC6 /* EmailTextField.swift in Sources */,
				768CC614291BFC4E00C98183 /* HomeView.swift in Sources */,
				76C8A0A3291BFBA2005AC48A /* ContentView.swift in Sources */,
				76C8A0A1291BFBA2005AC48A /* demoApp.swift in Sources */,
				7678DF67291E522300D10CC6 /* UIApplication+.swift in Sources */,
				7678DF61291E4F3D00D10CC6 /* UITextFieldRepresentable.swift in Sources */,
				7678DF69291E5AC900D10CC6 /* PasswordTextField.swift in Sources */,
				768CC616291BFC5500C98183 /* HomeViewModel.swift in Sources */,
			);
			runOnlyForDeploymentPostprocessing = 0;
		};
/* End PBXSourcesBuildPhase section */

/* Begin XCBuildConfiguration section */
		76C8A0A9291BFBA6005AC48A /* Debug */ = {
			isa = XCBuildConfiguration;
			buildSettings = {
				ALWAYS_SEARCH_USER_PATHS = NO;
				CLANG_ANALYZER_NONNULL = YES;
				CLANG_ANALYZER_NUMBER_OBJECT_CONVERSION = YES_AGGRESSIVE;
				CLANG_CXX_LANGUAGE_STANDARD = "gnu++20";
				CLANG_ENABLE_MODULES = YES;
				CLANG_ENABLE_OBJC_ARC = YES;
				CLANG_ENABLE_OBJC_WEAK = YES;
				CLANG_WARN_BLOCK_CAPTURE_AUTORELEASING = YES;
				CLANG_WARN_BOOL_CONVERSION = YES;
				CLANG_WARN_COMMA = YES;
				CLANG_WARN_CONSTANT_CONVERSION = YES;
				CLANG_WARN_DEPRECATED_OBJC_IMPLEMENTATIONS = YES;
				CLANG_WARN_DIRECT_OBJC_ISA_USAGE = YES_ERROR;
				CLANG_WARN_DOCUMENTATION_COMMENTS = YES;
				CLANG_WARN_EMPTY_BODY = YES;
				CLANG_WARN_ENUM_CONVERSION = YES;
				CLANG_WARN_INFINITE_RECURSION = YES;
				CLANG_WARN_INT_CONVERSION = YES;
				CLANG_WARN_NON_LITERAL_NULL_CONVERSION = YES;
				CLANG_WARN_OBJC_IMPLICIT_RETAIN_SELF = YES;
				CLANG_WARN_OBJC_LITERAL_CONVERSION = YES;
				CLANG_WARN_OBJC_ROOT_CLASS = YES_ERROR;
				CLANG_WARN_QUOTED_INCLUDE_IN_FRAMEWORK_HEADER = YES;
				CLANG_WARN_RANGE_LOOP_ANALYSIS = YES;
				CLANG_WARN_STRICT_PROTOTYPES = YES;
				CLANG_WARN_SUSPICIOUS_MOVE = YES;
				CLANG_WARN_UNGUARDED_AVAILABILITY = YES_AGGRESSIVE;
				CLANG_WARN_UNREACHABLE_CODE = YES;
				CLANG_WARN__DUPLICATE_METHOD_MATCH = YES;
				COPY_PHASE_STRIP = NO;
				DEBUG_INFORMATION_FORMAT = dwarf;
				ENABLE_STRICT_OBJC_MSGSEND = YES;
				ENABLE_TESTABILITY = YES;
				GCC_C_LANGUAGE_STANDARD = gnu11;
				GCC_DYNAMIC_NO_PIC = NO;
				GCC_NO_COMMON_BLOCKS = YES;
				GCC_OPTIMIZATION_LEVEL = 0;
				GCC_PREPROCESSOR_DEFINITIONS = (
					"DEBUG=1",
					"$(inherited)",
				);
				GCC_WARN_64_TO_32_BIT_CONVERSION = YES;
				GCC_WARN_ABOUT_RETURN_TYPE = YES_ERROR;
				GCC_WARN_UNDECLARED_SELECTOR = YES;
				GCC_WARN_UNINITIALIZED_AUTOS = YES_AGGRESSIVE;
				GCC_WARN_UNUSED_FUNCTION = YES;
				GCC_WARN_UNUSED_VARIABLE = YES;
				IPHONEOS_DEPLOYMENT_TARGET = 14.0;
				MTL_ENABLE_DEBUG_INFO = INCLUDE_SOURCE;
				MTL_FAST_MATH = YES;
				ONLY_ACTIVE_ARCH = YES;
				SDKROOT = iphoneos;
				SWIFT_ACTIVE_COMPILATION_CONDITIONS = DEBUG;
				SWIFT_OPTIMIZATION_LEVEL = "-Onone";
			};
			name = Debug;
		};
		76C8A0AA291BFBA6005AC48A /* Release */ = {
			isa = XCBuildConfiguration;
			buildSettings = {
				ALWAYS_SEARCH_USER_PATHS = NO;
				CLANG_ANALYZER_NONNULL = YES;
				CLANG_ANALYZER_NUMBER_OBJECT_CONVERSION = YES_AGGRESSIVE;
				CLANG_CXX_LANGUAGE_STANDARD = "gnu++20";
				CLANG_ENABLE_MODULES = YES;
				CLANG_ENABLE_OBJC_ARC = YES;
				CLANG_ENABLE_OBJC_WEAK = YES;
				CLANG_WARN_BLOCK_CAPTURE_AUTORELEASING = YES;
				CLANG_WARN_BOOL_CONVERSION = YES;
				CLANG_WARN_COMMA = YES;
				CLANG_WARN_CONSTANT_CONVERSION = YES;
				CLANG_WARN_DEPRECATED_OBJC_IMPLEMENTATIONS = YES;
				CLANG_WARN_DIRECT_OBJC_ISA_USAGE = YES_ERROR;
				CLANG_WARN_DOCUMENTATION_COMMENTS = YES;
				CLANG_WARN_EMPTY_BODY = YES;
				CLANG_WARN_ENUM_CONVERSION = YES;
				CLANG_WARN_INFINITE_RECURSION = YES;
				CLANG_WARN_INT_CONVERSION = YES;
				CLANG_WARN_NON_LITERAL_NULL_CONVERSION = YES;
				CLANG_WARN_OBJC_IMPLICIT_RETAIN_SELF = YES;
				CLANG_WARN_OBJC_LITERAL_CONVERSION = YES;
				CLANG_WARN_OBJC_ROOT_CLASS = YES_ERROR;
				CLANG_WARN_QUOTED_INCLUDE_IN_FRAMEWORK_HEADER = YES;
				CLANG_WARN_RANGE_LOOP_ANALYSIS = YES;
				CLANG_WARN_STRICT_PROTOTYPES = YES;
				CLANG_WARN_SUSPICIOUS_MOVE = YES;
				CLANG_WARN_UNGUARDED_AVAILABILITY = YES_AGGRESSIVE;
				CLANG_WARN_UNREACHABLE_CODE = YES;
				CLANG_WARN__DUPLICATE_METHOD_MATCH = YES;
				COPY_PHASE_STRIP = NO;
				DEBUG_INFORMATION_FORMAT = "dwarf-with-dsym";
				ENABLE_NS_ASSERTIONS = NO;
				ENABLE_STRICT_OBJC_MSGSEND = YES;
				GCC_C_LANGUAGE_STANDARD = gnu11;
				GCC_NO_COMMON_BLOCKS = YES;
				GCC_WARN_64_TO_32_BIT_CONVERSION = YES;
				GCC_WARN_ABOUT_RETURN_TYPE = YES_ERROR;
				GCC_WARN_UNDECLARED_SELECTOR = YES;
				GCC_WARN_UNINITIALIZED_AUTOS = YES_AGGRESSIVE;
				GCC_WARN_UNUSED_FUNCTION = YES;
				GCC_WARN_UNUSED_VARIABLE = YES;
				IPHONEOS_DEPLOYMENT_TARGET = 14.0;
				MTL_ENABLE_DEBUG_INFO = NO;
				MTL_FAST_MATH = YES;
				SDKROOT = iphoneos;
				SWIFT_COMPILATION_MODE = wholemodule;
				SWIFT_OPTIMIZATION_LEVEL = "-O";
				VALIDATE_PRODUCT = YES;
			};
			name = Release;
		};
		76C8A0AC291BFBA6005AC48A /* Debug */ = {
			isa = XCBuildConfiguration;
			buildSettings = {
				ASSETCATALOG_COMPILER_APPICON_NAME = AppIcon;
				ASSETCATALOG_COMPILER_GLOBAL_ACCENT_COLOR_NAME = AccentColor;
				CODE_SIGN_STYLE = Automatic;
				CURRENT_PROJECT_VERSION = 1;
				DEVELOPMENT_ASSET_PATHS = "\"demo/Preview Content\"";
				DEVELOPMENT_TEAM = C2A82W67LB;
				ENABLE_PREVIEWS = YES;
				GENERATE_INFOPLIST_FILE = YES;
				INFOPLIST_KEY_UIApplicationSceneManifest_Generation = YES;
				INFOPLIST_KEY_UIApplicationSupportsIndirectInputEvents = YES;
				INFOPLIST_KEY_UILaunchScreen_Generation = YES;
				INFOPLIST_KEY_UISupportedInterfaceOrientations_iPad = "UIInterfaceOrientationPortrait UIInterfaceOrientationPortraitUpsideDown UIInterfaceOrientationLandscapeLeft UIInterfaceOrientationLandscapeRight";
				INFOPLIST_KEY_UISupportedInterfaceOrientations_iPhone = "UIInterfaceOrientationPortrait UIInterfaceOrientationLandscapeLeft UIInterfaceOrientationLandscapeRight";
				LD_RUNPATH_SEARCH_PATHS = (
					"$(inherited)",
					"@executable_path/Frameworks",
				);
				MARKETING_VERSION = 1.0;
				PRODUCT_BUNDLE_IDENTIFIER = com.taro.demo;
				PRODUCT_NAME = "$(TARGET_NAME)";
				SUPPORTED_PLATFORMS = "iphoneos iphonesimulator";
				SUPPORTS_MACCATALYST = NO;
				SUPPORTS_MAC_DESIGNED_FOR_IPHONE_IPAD = NO;
				SWIFT_EMIT_LOC_STRINGS = YES;
				SWIFT_VERSION = 5.0;
				TARGETED_DEVICE_FAMILY = 1;
			};
			name = Debug;
		};
		76C8A0AD291BFBA6005AC48A /* Release */ = {
			isa = XCBuildConfiguration;
			buildSettings = {
				ASSETCATALOG_COMPILER_APPICON_NAME = AppIcon;
				ASSETCATALOG_COMPILER_GLOBAL_ACCENT_COLOR_NAME = AccentColor;
				CODE_SIGN_STYLE = Automatic;
				CURRENT_PROJECT_VERSION = 1;
				DEVELOPMENT_ASSET_PATHS = "\"demo/Preview Content\"";
				DEVELOPMENT_TEAM = C2A82W67LB;
				ENABLE_PREVIEWS = YES;
				GENERATE_INFOPLIST_FILE = YES;
				INFOPLIST_KEY_UIApplicationSceneManifest_Generation = YES;
				INFOPLIST_KEY_UIApplicationSupportsIndirectInputEvents = YES;
				INFOPLIST_KEY_UILaunchScreen_Generation = YES;
				INFOPLIST_KEY_UISupportedInterfaceOrientations_iPad = "UIInterfaceOrientationPortrait UIInterfaceOrientationPortraitUpsideDown UIInterfaceOrientationLandscapeLeft UIInterfaceOrientationLandscapeRight";
				INFOPLIST_KEY_UISupportedInterfaceOrientations_iPhone = "UIInterfaceOrientationPortrait UIInterfaceOrientationLandscapeLeft UIInterfaceOrientationLandscapeRight";
				LD_RUNPATH_SEARCH_PATHS = (
					"$(inherited)",
					"@executable_path/Frameworks",
				);
				MARKETING_VERSION = 1.0;
				PRODUCT_BUNDLE_IDENTIFIER = com.taro.demo;
				PRODUCT_NAME = "$(TARGET_NAME)";
				SUPPORTED_PLATFORMS = "iphoneos iphonesimulator";
				SUPPORTS_MACCATALYST = NO;
				SUPPORTS_MAC_DESIGNED_FOR_IPHONE_IPAD = NO;
				SWIFT_EMIT_LOC_STRINGS = YES;
				SWIFT_VERSION = 5.0;
				TARGETED_DEVICE_FAMILY = 1;
			};
			name = Release;
		};
/* End XCBuildConfiguration section */

/* Begin XCConfigurationList section */
		76C8A098291BFBA2005AC48A /* Build configuration list for PBXProject "demo" */ = {
			isa = XCConfigurationList;
			buildConfigurations = (
				76C8A0A9291BFBA6005AC48A /* Debug */,
				76C8A0AA291BFBA6005AC48A /* Release */,
			);
			defaultConfigurationIsVisible = 0;
			defaultConfigurationName = Release;
		};
		76C8A0AB291BFBA6005AC48A /* Build configuration list for PBXNativeTarget "demo" */ = {
			isa = XCConfigurationList;
			buildConfigurations = (
				76C8A0AC291BFBA6005AC48A /* Debug */,
				76C8A0AD291BFBA6005AC48A /* Release */,
			);
			defaultConfigurationIsVisible = 0;
			defaultConfigurationName = Release;
		};
/* End XCConfigurationList section */

/* Begin XCRemoteSwiftPackageReference section */
		768CC61A291C6FCE00C98183 /* XCRemoteSwiftPackageReference "bs_logger" */ = {
			isa = XCRemoteSwiftPackageReference;
			repositoryURL = "https://gitlab.com/bs-libraries/bs_logger";
			requirement = {
				kind = upToNextMajorVersion;
				minimumVersion = 0.1.0;
			};
		};
/* End XCRemoteSwiftPackageReference section */

/* Begin XCSwiftPackageProductDependency section */
		768CC61B291C6FCE00C98183 /* BSLogger */ = {
			isa = XCSwiftPackageProductDependency;
			package = 768CC61A291C6FCE00C98183 /* XCRemoteSwiftPackageReference "bs_logger" */;
			productName = BSLogger;
		};
/* End XCSwiftPackageProductDependency section */
	};
	rootObject = 76C8A095291BFBA2005AC48A /* Project object */;
}
